
Microsoft Visual Studio Solution File, Format Version 12.00
# Visual Studio Version 16
VisualStudioVersion = 16.0.30611.23
MinimumVisualStudioVersion = 10.0.40219.1
Project("{FAE04EC0-301F-11D3-BF4B-00C04F79EFBC}") = "ConsoleApp4", "ConsoleApp4\ConsoleApp4.csproj", "{B669194C-A2D7-4794-9858-8B81D0BCA8D2}"
EndProject
Global
	GlobalSection(SolutionConfigurationPlatforms) = preSolution
		Debug|Any CPU = Debug|Any CPU
		Release|Any CPU = Release|Any CPU
	EndGlobalSection
	GlobalSection(ProjectConfigurationPlatforms) = postSolution
		{B669194C-A2D7-4794-9858-8B81D0BCA8D2}.Debug|Any CPU.ActiveCfg = Debug|Any CPU
		{B669194C-A2D7-4794-9858-8B81D0BCA8D2}.Debug|Any CPU.Build.0 = Debug|Any CPU
		{B669194C-A2D7-4794-9858-8B81D0BCA8D2}.Release|Any CPU.ActiveCfg = Release|Any CPU
		{B669194C-A2D7-4794-9858-8B81D0BCA8D2}.Release|Any CPU.Build.0 = Release|Any CPU
	EndGlobalSection
	GlobalSection(SolutionProperties) = preSolution
		HideSolutionNode = FALSE
	EndGlobalSection
	GlobalSection(ExtensibilityGlobals) = postSolution
		SolutionGuid = {C097F9D3-B7A3-4859-A36A-D6C5892D06D6}
	EndGlobalSection
EndGlobal
